
Microsoft Visual Studio Solution File, Format Version 12.00
# Visual Studio Version 17
VisualStudioVersion = 17.9.34728.123
MinimumVisualStudioVersion = 10.0.40219.1
Project("{FAE04EC0-301F-11D3-BF4B-00C04F79EFBC}") = "AT8eAT11dnweb", "AT8eAT11dnweb\AT8eAT11dnweb.csproj", "{27A2B551-CEFE-4DB7-B17B-942AE4D89D7B}"
EndProject
Global
	GlobalSection(SolutionConfigurationPlatforms) = preSolution
		Debug|Any CPU = Debug|Any CPU
		Release|Any CPU = Release|Any CPU
	EndGlobalSection
	GlobalSection(ProjectConfigurationPlatforms) = postSolution
		{27A2B551-CEFE-4DB7-B17B-942AE4D89D7B}.Debug|Any CPU.ActiveCfg = Debug|Any CPU
		{27A2B551-CEFE-4DB7-B17B-942AE4D89D7B}.Debug|Any CPU.Build.0 = Debug|Any CPU
		{27A2B551-CEFE-4DB7-B17B-942AE4D89D7B}.Release|Any CPU.ActiveCfg = Release|Any CPU
		{27A2B551-CEFE-4DB7-B17B-942AE4D89D7B}.Release|Any CPU.Build.0 = Release|Any CPU
	EndGlobalSection
	GlobalSection(SolutionProperties) = preSolution
		HideSolutionNode = FALSE
	EndGlobalSection
	GlobalSection(ExtensibilityGlobals) = postSolution
		SolutionGuid = {003C0D92-A868-40AC-B814-774ED0E81D0B}
	EndGlobalSection
EndGlobal
